
Microsoft Visual Studio Solution File, Format Version 12.00
# Visual Studio Version 16
VisualStudioVersion = 25.0.1706.2
MinimumVisualStudioVersion = 10.0.40219.1
Project("{FAE04EC0-301F-11D3-BF4B-00C04F79EFBC}") = "NLayer.Core", "NLayer.Core\NLayer.Core.csproj", "{CACBB917-E3E9-449C-BB4A-7EF7CE060B06}"
EndProject
Project("{FAE04EC0-301F-11D3-BF4B-00C04F79EFBC}") = "NLayer.Repository", "NLayer.Repository\NLayer.Repository.csproj", "{B5B4B340-4D46-48FF-AF74-E0073B112718}"
EndProject
Project("{FAE04EC0-301F-11D3-BF4B-00C04F79EFBC}") = "NLayer.Service", "NLayer.Service\NLayer.Service.csproj", "{56843D11-1D97-4434-A384-B00588137DB3}"
EndProject
Project("{FAE04EC0-301F-11D3-BF4B-00C04F79EFBC}") = "NLayer.API", "NLayer.API\NLayer.API.csproj", "{E8E3F7BA-38DF-422B-8660-D208F1884F5D}"
EndProject
Project("{FAE04EC0-301F-11D3-BF4B-00C04F79EFBC}") = "NLayer.Caching", "NLayer.Caching\NLayer.Caching.csproj", "{C953DA46-3750-4B06-97E3-78825270A471}"
EndProject
Project("{FAE04EC0-301F-11D3-BF4B-00C04F79EFBC}") = "NLayer.Web", "NLayer.Web\NLayer.Web.csproj", "{F2717E04-2BEA-4E00-AC8F-A1E72DA731C7}"
EndProject
Global
	GlobalSection(SolutionConfigurationPlatforms) = preSolution
		Debug|Any CPU = Debug|Any CPU
		Release|Any CPU = Release|Any CPU
	EndGlobalSection
	GlobalSection(ProjectConfigurationPlatforms) = postSolution
		{CACBB917-E3E9-449C-BB4A-7EF7CE060B06}.Debug|Any CPU.ActiveCfg = Debug|Any CPU
		{CACBB917-E3E9-449C-BB4A-7EF7CE060B06}.Debug|Any CPU.Build.0 = Debug|Any CPU
		{CACBB917-E3E9-449C-BB4A-7EF7CE060B06}.Release|Any CPU.ActiveCfg = Release|Any CPU
		{CACBB917-E3E9-449C-BB4A-7EF7CE060B06}.Release|Any CPU.Build.0 = Release|Any CPU
		{B5B4B340-4D46-48FF-AF74-E0073B112718}.Debug|Any CPU.ActiveCfg = Debug|Any CPU
		{B5B4B340-4D46-48FF-AF74-E0073B112718}.Debug|Any CPU.Build.0 = Debug|Any CPU
		{B5B4B340-4D46-48FF-AF74-E0073B112718}.Release|Any CPU.ActiveCfg = Release|Any CPU
		{B5B4B340-4D46-48FF-AF74-E0073B112718}.Release|Any CPU.Build.0 = Release|Any CPU
		{56843D11-1D97-4434-A384-B00588137DB3}.Debug|Any CPU.ActiveCfg = Debug|Any CPU
		{56843D11-1D97-4434-A384-B00588137DB3}.Debug|Any CPU.Build.0 = Debug|Any CPU
		{56843D11-1D97-4434-A384-B00588137DB3}.Release|Any CPU.ActiveCfg = Release|Any CPU
		{56843D11-1D97-4434-A384-B00588137DB3}.Release|Any CPU.Build.0 = Release|Any CPU
		{E8E3F7BA-38DF-422B-8660-D208F1884F5D}.Debug|Any CPU.ActiveCfg = Debug|Any CPU
		{E8E3F7BA-38DF-422B-8660-D208F1884F5D}.Debug|Any CPU.Build.0 = Debug|Any CPU
		{E8E3F7BA-38DF-422B-8660-D208F1884F5D}.Release|Any CPU.ActiveCfg = Release|Any CPU
		{E8E3F7BA-38DF-422B-8660-D208F1884F5D}.Release|Any CPU.Build.0 = Release|Any CPU
		{C953DA46-3750-4B06-97E3-78825270A471}.Debug|Any CPU.ActiveCfg = Debug|Any CPU
		{C953DA46-3750-4B06-97E3-78825270A471}.Debug|Any CPU.Build.0 = Debug|Any CPU
		{C953DA46-3750-4B06-97E3-78825270A471}.Release|Any CPU.ActiveCfg = Release|Any CPU
		{C953DA46-3750-4B06-97E3-78825270A471}.Release|Any CPU.Build.0 = Release|Any CPU
		{F2717E04-2BEA-4E00-AC8F-A1E72DA731C7}.Debug|Any CPU.ActiveCfg = Debug|Any CPU
		{F2717E04-2BEA-4E00-AC8F-A1E72DA731C7}.Debug|Any CPU.Build.0 = Debug|Any CPU
		{F2717E04-2BEA-4E00-AC8F-A1E72DA731C7}.Release|Any CPU.ActiveCfg = Release|Any CPU
		{F2717E04-2BEA-4E00-AC8F-A1E72DA731C7}.Release|Any CPU.Build.0 = Release|Any CPU
	EndGlobalSection
	GlobalSection(SolutionProperties) = preSolution
		HideSolutionNode = FALSE
	EndGlobalSection
	GlobalSection(ExtensibilityGlobals) = postSolution
		SolutionGuid = {51B79800-826E-4701-97DA-817DD982F0EE}
	EndGlobalSection
EndGlobal
